{
  "name": "grpc_web_client_poet",
  "version": "1.0.0",
  "lockfileVersion": 2,
  "requires": true,
  "packages": {
    "": {
      "name": "grpc_web_client_poet",
      "version": "1.0.0",
      "license": "ISC",
      "dependencies": {
        "google-protobuf": "^3.21.2",
        "grpc-web": "^1.4.1"
      }
    },
    "node_modules/google-protobuf": {
      "version": "3.21.2",
      "resolved": "https://registry.npmjs.org/google-protobuf/-/google-protobuf-3.21.2.tgz",
      "integrity": "sha512-3MSOYFO5U9mPGikIYCzK0SaThypfGgS6bHqrUGXG3DPHCrb+txNqeEcns1W0lkGfk0rCyNXm7xB9rMxnCiZOoA=="
    },
    "node_modules/grpc-web": {
      "version": "1.4.1",
      "resolved": "https://registry.npmjs.org/grpc-web/-/grpc-web-1.4.1.tgz",
      "integrity": "sha512-rZb/vubTg58iWjytpq/aXDpDaAePuXby7kpQqOgrGkVy4FxM2LPz5vjxAcFhWf7peKvLQDhYFk8f7dvH3cZTlw=="
    }
  },
  "dependencies": {
    "google-protobuf": {
      "version": "3.21.2",
      "resolved": "https://registry.npmjs.org/google-protobuf/-/google-protobuf-3.21.2.tgz",
      "integrity": "sha512-3MSOYFO5U9mPGikIYCzK0SaThypfGgS6bHqrUGXG3DPHCrb+txNqeEcns1W0lkGfk0rCyNXm7xB9rMxnCiZOoA=="
    },
    "grpc-web": {
      "version": "1.4.1",
      "resolved": "https://registry.npmjs.org/grpc-web/-/grpc-web-1.4.1.tgz",
      "integrity": "sha512-rZb/vubTg58iWjytpq/aXDpDaAePuXby7kpQqOgrGkVy4FxM2LPz5vjxAcFhWf7peKvLQDhYFk8f7dvH3cZTlw=="
    }
  }
}
